
Microsoft Visual Studio Solution File, Format Version 12.00
# Visual Studio Version 17
VisualStudioVersion = 17.0.31903.59
MinimumVisualStudioVersion = 10.0.40219.1
Project("{FAE04EC0-301F-11D3-BF4B-00C04F79EFBC}") = "parsefile", "parsefile\parsefile.csproj", "{480C8762-4D23-41CC-9AEA-3E4C5A5B0B1F}"
EndProject
Project("{FAE04EC0-301F-11D3-BF4B-00C04F79EFBC}") = "parsefileV10", "parsefileV10\parsefileV10.csproj", "{E13E19CE-F961-4CBB-9D97-EA3A036EC4C7}"
EndProject
Project("{FAE04EC0-301F-11D3-BF4B-00C04F79EFBC}") = "parsefileV21", "parsefileV21\parsefileV21.csproj", "{E7095EC4-5AEF-4F54-9D7F-0C702BE2DED9}"
EndProject
Global
	GlobalSection(SolutionConfigurationPlatforms) = preSolution
		Debug|Any CPU = Debug|Any CPU
		Release|Any CPU = Release|Any CPU
	EndGlobalSection
	GlobalSection(SolutionProperties) = preSolution
		HideSolutionNode = FALSE
	EndGlobalSection
	GlobalSection(ProjectConfigurationPlatforms) = postSolution
		{480C8762-4D23-41CC-9AEA-3E4C5A5B0B1F}.Debug|Any CPU.ActiveCfg = Debug|Any CPU
		{480C8762-4D23-41CC-9AEA-3E4C5A5B0B1F}.Debug|Any CPU.Build.0 = Debug|Any CPU
		{480C8762-4D23-41CC-9AEA-3E4C5A5B0B1F}.Release|Any CPU.ActiveCfg = Release|Any CPU
		{480C8762-4D23-41CC-9AEA-3E4C5A5B0B1F}.Release|Any CPU.Build.0 = Release|Any CPU
		{E13E19CE-F961-4CBB-9D97-EA3A036EC4C7}.Debug|Any CPU.ActiveCfg = Debug|Any CPU
		{E13E19CE-F961-4CBB-9D97-EA3A036EC4C7}.Debug|Any CPU.Build.0 = Debug|Any CPU
		{E13E19CE-F961-4CBB-9D97-EA3A036EC4C7}.Release|Any CPU.ActiveCfg = Release|Any CPU
		{E13E19CE-F961-4CBB-9D97-EA3A036EC4C7}.Release|Any CPU.Build.0 = Release|Any CPU
		{E7095EC4-5AEF-4F54-9D7F-0C702BE2DED9}.Debug|Any CPU.ActiveCfg = Debug|Any CPU
		{E7095EC4-5AEF-4F54-9D7F-0C702BE2DED9}.Debug|Any CPU.Build.0 = Debug|Any CPU
		{E7095EC4-5AEF-4F54-9D7F-0C702BE2DED9}.Release|Any CPU.ActiveCfg = Release|Any CPU
		{E7095EC4-5AEF-4F54-9D7F-0C702BE2DED9}.Release|Any CPU.Build.0 = Release|Any CPU
	EndGlobalSection
EndGlobal
